
Microsoft Visual Studio Solution File, Format Version 12.00
# Visual Studio Version 17
VisualStudioVersion = 17.7.34031.279
MinimumVisualStudioVersion = 10.0.40219.1
Project("{FAE04EC0-301F-11D3-BF4B-00C04F79EFBC}") = "backend", "backend\backend.csproj", "{079AC0ED-9056-41BD-9237-09767DB9DE47}"
EndProject
Global
	GlobalSection(SolutionConfigurationPlatforms) = preSolution
		Debug|Any CPU = Debug|Any CPU
		Release|Any CPU = Release|Any CPU
	EndGlobalSection
	GlobalSection(ProjectConfigurationPlatforms) = postSolution
		{079AC0ED-9056-41BD-9237-09767DB9DE47}.Debug|Any CPU.ActiveCfg = Debug|Any CPU
		{079AC0ED-9056-41BD-9237-09767DB9DE47}.Debug|Any CPU.Build.0 = Debug|Any CPU
		{079AC0ED-9056-41BD-9237-09767DB9DE47}.Release|Any CPU.ActiveCfg = Release|Any CPU
		{079AC0ED-9056-41BD-9237-09767DB9DE47}.Release|Any CPU.Build.0 = Release|Any CPU
	EndGlobalSection
	GlobalSection(SolutionProperties) = preSolution
		HideSolutionNode = FALSE
	EndGlobalSection
	GlobalSection(ExtensibilityGlobals) = postSolution
		SolutionGuid = {5DE95355-634A-47A6-BA84-2C1E71D7F2F4}
	EndGlobalSection
EndGlobal
